
Microsoft Visual Studio Solution File, Format Version 12.00
# Visual Studio 15
VisualStudioVersion = 15.0.27004.2009
MinimumVisualStudioVersion = 10.0.40219.1
Project("{FAE04EC0-301F-11D3-BF4B-00C04F79EFBC}") = "ArcFaceDemo", "ArcFaceDemo.csproj", "{2C5C66D9-6E91-4BC4-8D39-18CBEB880ACD}"
EndProject
Project("{FAE04EC0-301F-11D3-BF4B-00C04F79EFBC}") = "ArcFace", "..\ArcFace\ArcFace.csproj", "{82EAF21C-2B67-40F0-BCE0-58D95AF48BE4}"
EndProject
Global
	GlobalSection(SolutionConfigurationPlatforms) = preSolution
		Debug|Any CPU = Debug|Any CPU
		Release|Any CPU = Release|Any CPU
	EndGlobalSection
	GlobalSection(ProjectConfigurationPlatforms) = postSolution
		{2C5C66D9-6E91-4BC4-8D39-18CBEB880ACD}.Debug|Any CPU.ActiveCfg = Debug|Any CPU
		{2C5C66D9-6E91-4BC4-8D39-18CBEB880ACD}.Debug|Any CPU.Build.0 = Debug|Any CPU
		{2C5C66D9-6E91-4BC4-8D39-18CBEB880ACD}.Release|Any CPU.ActiveCfg = Release|Any CPU
		{2C5C66D9-6E91-4BC4-8D39-18CBEB880ACD}.Release|Any CPU.Build.0 = Release|Any CPU
		{82EAF21C-2B67-40F0-BCE0-58D95AF48BE4}.Debug|Any CPU.ActiveCfg = Debug|Any CPU
		{82EAF21C-2B67-40F0-BCE0-58D95AF48BE4}.Debug|Any CPU.Build.0 = Debug|Any CPU
		{82EAF21C-2B67-40F0-BCE0-58D95AF48BE4}.Release|Any CPU.ActiveCfg = Release|Any CPU
		{82EAF21C-2B67-40F0-BCE0-58D95AF48BE4}.Release|Any CPU.Build.0 = Release|Any CPU
	EndGlobalSection
	GlobalSection(SolutionProperties) = preSolution
		HideSolutionNode = FALSE
	EndGlobalSection
	GlobalSection(ExtensibilityGlobals) = postSolution
		SolutionGuid = {BD27C59D-9423-4FB0-AFD4-71F6B4090A3A}
	EndGlobalSection
EndGlobal
